
Microsoft Visual Studio Solution File, Format Version 12.00
Project("{FAE04EC0-301F-11D3-BF4B-00C04F79EFBC}") = "AppHost", "Aspire\AppHost\AppHost.csproj", "{07A7909E-8CF1-40CE-8CF1-06D9BC002721}"
EndProject
Project("{FAE04EC0-301F-11D3-BF4B-00C04F79EFBC}") = "ServiceDefaults", "Aspire\ServiceDefaults\ServiceDefaults.csproj", "{872DE7FF-4E53-438D-AF6E-321359B243BB}"
EndProject
Project("{FAE04EC0-301F-11D3-BF4B-00C04F79EFBC}") = "ApiService", "src\TelegramBot.ApiService\ApiService\ApiService.csproj", "{ABBC043A-573B-4885-9CD8-BC843C48BAD6}"
EndProject
Project("{FAE04EC0-301F-11D3-BF4B-00C04F79EFBC}") = "Web", "src\TelegramBot.Web\Web\Web.csproj", "{1C272199-8D60-4124-BC78-153801210248}"
EndProject
Project("{2150E333-8FDC-42A3-9474-1A3956D46DE8}") = "Solution Items", "Solution Items", "{9598C2EE-82ED-461C-AB54-AD34C7977EFC}"
				ProjectSection(SolutionItems) = preProject
		.editorconfig = .editorconfig
		.gitignore = .gitignore
		Directory.Build.props = Directory.Build.props
		Directory.Packages.props = Directory.Packages.props
		global.json = global.json
				EndProjectSection
EndProject
Project("{2150E333-8FDC-42A3-9474-1A3956D46DE8}") = "TelegramBot.ApiService", "TelegramBot.ApiService\TelegramBot.ApiService", "{60197BA4-480E-4A54-916F-942599EFEF67}"
EndProject
Project("{FAE04EC0-301F-11D3-BF4B-00C04F79EFBC}") = "Application", "src\TelegramBot.ApiService\Application\Application.csproj", "{0A11BAFC-4551-458F-81F5-1711603734A5}"
EndProject
Project("{FAE04EC0-301F-11D3-BF4B-00C04F79EFBC}") = "Domain", "src\TelegramBot.ApiService\Domain\Domain.csproj", "{BADFC3AE-E7DF-4221-AA3D-4FA9CC7F279C}"
EndProject
Project("{FAE04EC0-301F-11D3-BF4B-00C04F79EFBC}") = "Infrastructure", "src\TelegramBot.ApiService\Infrastructure\Infrastructure.csproj", "{949EC7DF-28F1-4585-B340-CEA61ECB0F2A}"
EndProject
Project("{2150E333-8FDC-42A3-9474-1A3956D46DE8}") = "Aspire", "Aspire", "{CDC557BD-7512-4ACE-AFD6-4D2E28B619FC}"
EndProject
Project("{2150E333-8FDC-42A3-9474-1A3956D46DE8}") = "TelegramBot.Web", "TelegramBot.Web", "{3DA21A83-0DD4-409F-93CC-5592EB4432AE}"
EndProject
Project("{2150E333-8FDC-42A3-9474-1A3956D46DE8}") = "src", "src", "{EA60CEFD-97A4-4B8D-873D-C9BC87DD2ABC}"
EndProject
Global
	GlobalSection(SolutionConfigurationPlatforms) = preSolution
		Debug|Any CPU = Debug|Any CPU
		Release|Any CPU = Release|Any CPU
	EndGlobalSection
	GlobalSection(ProjectConfigurationPlatforms) = postSolution
		{07A7909E-8CF1-40CE-8CF1-06D9BC002721}.Debug|Any CPU.ActiveCfg = Debug|Any CPU
		{07A7909E-8CF1-40CE-8CF1-06D9BC002721}.Debug|Any CPU.Build.0 = Debug|Any CPU
		{07A7909E-8CF1-40CE-8CF1-06D9BC002721}.Release|Any CPU.ActiveCfg = Release|Any CPU
		{07A7909E-8CF1-40CE-8CF1-06D9BC002721}.Release|Any CPU.Build.0 = Release|Any CPU
		{872DE7FF-4E53-438D-AF6E-321359B243BB}.Debug|Any CPU.ActiveCfg = Debug|Any CPU
		{872DE7FF-4E53-438D-AF6E-321359B243BB}.Debug|Any CPU.Build.0 = Debug|Any CPU
		{872DE7FF-4E53-438D-AF6E-321359B243BB}.Release|Any CPU.ActiveCfg = Release|Any CPU
		{872DE7FF-4E53-438D-AF6E-321359B243BB}.Release|Any CPU.Build.0 = Release|Any CPU
		{ABBC043A-573B-4885-9CD8-BC843C48BAD6}.Debug|Any CPU.ActiveCfg = Debug|Any CPU
		{ABBC043A-573B-4885-9CD8-BC843C48BAD6}.Debug|Any CPU.Build.0 = Debug|Any CPU
		{ABBC043A-573B-4885-9CD8-BC843C48BAD6}.Release|Any CPU.ActiveCfg = Release|Any CPU
		{ABBC043A-573B-4885-9CD8-BC843C48BAD6}.Release|Any CPU.Build.0 = Release|Any CPU
		{1C272199-8D60-4124-BC78-153801210248}.Debug|Any CPU.ActiveCfg = Debug|Any CPU
		{1C272199-8D60-4124-BC78-153801210248}.Debug|Any CPU.Build.0 = Debug|Any CPU
		{1C272199-8D60-4124-BC78-153801210248}.Release|Any CPU.ActiveCfg = Release|Any CPU
		{1C272199-8D60-4124-BC78-153801210248}.Release|Any CPU.Build.0 = Release|Any CPU
		{0A11BAFC-4551-458F-81F5-1711603734A5}.Debug|Any CPU.ActiveCfg = Debug|Any CPU
		{0A11BAFC-4551-458F-81F5-1711603734A5}.Debug|Any CPU.Build.0 = Debug|Any CPU
		{0A11BAFC-4551-458F-81F5-1711603734A5}.Release|Any CPU.ActiveCfg = Release|Any CPU
		{0A11BAFC-4551-458F-81F5-1711603734A5}.Release|Any CPU.Build.0 = Release|Any CPU
		{BADFC3AE-E7DF-4221-AA3D-4FA9CC7F279C}.Debug|Any CPU.ActiveCfg = Debug|Any CPU
		{BADFC3AE-E7DF-4221-AA3D-4FA9CC7F279C}.Debug|Any CPU.Build.0 = Debug|Any CPU
		{BADFC3AE-E7DF-4221-AA3D-4FA9CC7F279C}.Release|Any CPU.ActiveCfg = Release|Any CPU
		{BADFC3AE-E7DF-4221-AA3D-4FA9CC7F279C}.Release|Any CPU.Build.0 = Release|Any CPU
		{949EC7DF-28F1-4585-B340-CEA61ECB0F2A}.Debug|Any CPU.ActiveCfg = Debug|Any CPU
		{949EC7DF-28F1-4585-B340-CEA61ECB0F2A}.Debug|Any CPU.Build.0 = Debug|Any CPU
		{949EC7DF-28F1-4585-B340-CEA61ECB0F2A}.Release|Any CPU.ActiveCfg = Release|Any CPU
		{949EC7DF-28F1-4585-B340-CEA61ECB0F2A}.Release|Any CPU.Build.0 = Release|Any CPU
	EndGlobalSection
	GlobalSection(NestedProjects) = preSolution
		{ABBC043A-573B-4885-9CD8-BC843C48BAD6} = {60197BA4-480E-4A54-916F-942599EFEF67}
		{0A11BAFC-4551-458F-81F5-1711603734A5} = {60197BA4-480E-4A54-916F-942599EFEF67}
		{BADFC3AE-E7DF-4221-AA3D-4FA9CC7F279C} = {60197BA4-480E-4A54-916F-942599EFEF67}
		{949EC7DF-28F1-4585-B340-CEA61ECB0F2A} = {60197BA4-480E-4A54-916F-942599EFEF67}
		{872DE7FF-4E53-438D-AF6E-321359B243BB} = {CDC557BD-7512-4ACE-AFD6-4D2E28B619FC}
		{07A7909E-8CF1-40CE-8CF1-06D9BC002721} = {CDC557BD-7512-4ACE-AFD6-4D2E28B619FC}
		{1C272199-8D60-4124-BC78-153801210248} = {3DA21A83-0DD4-409F-93CC-5592EB4432AE}
		{3DA21A83-0DD4-409F-93CC-5592EB4432AE} = {EA60CEFD-97A4-4B8D-873D-C9BC87DD2ABC}
		{60197BA4-480E-4A54-916F-942599EFEF67} = {EA60CEFD-97A4-4B8D-873D-C9BC87DD2ABC}
	EndGlobalSection
EndGlobal
